
Microsoft Visual Studio Solution File, Format Version 12.00
# Visual Studio 15
VisualStudioVersion = 15.0.28307.136
MinimumVisualStudioVersion = 10.0.40219.1
Project("{9A19103F-16F7-4668-BE54-9A1E7A4F7556}") = "NavyBlue.AspNetCore.Lib", "NavyBlue.AspNetCore.Lib\NavyBlue.AspNetCore.Lib.csproj", "{E0D382B8-DEEB-43C2-839F-323CF1E33B5B}"
EndProject
Project("{9A19103F-16F7-4668-BE54-9A1E7A4F7556}") = "NavyBlue.AspNetCore.Web", "NavyBlue.AspNetCore.Web\NavyBlue.AspNetCore.Web.csproj", "{1A42A123-BB6E-4DEB-9729-354FAF747590}"
EndProject
Project("{9A19103F-16F7-4668-BE54-9A1E7A4F7556}") = "NavyBlue.Demo.API", "NavyBlue.Demo.API\NavyBlue.Demo.API.csproj", "{437CFF8B-1106-4A85-92D9-6FB7B41F76E9}"
EndProject
Project("{9A19103F-16F7-4668-BE54-9A1E7A4F7556}") = "NavyBlue.AspNetCore", "NavyBlue.AspNetCore\NavyBlue.AspNetCore.csproj", "{07A138A7-F73C-47E2-92F9-8D925F97866F}"
EndProject
Project("{9A19103F-16F7-4668-BE54-9A1E7A4F7556}") = "NavyBlue.ServiceGovern", "NavyBlue.ServiceGovern\NavyBlue.ServiceGovern.csproj", "{4BE170ED-E490-4B0F-825C-68593FC93872}"
EndProject
Project("{9A19103F-16F7-4668-BE54-9A1E7A4F7556}") = "NavyBlue.Demo.ServiceGovern", "NavyBlue.Demo.ServiceGovern\NavyBlue.Demo.ServiceGovern.csproj", "{DBAFFF67-60F5-4F8B-AA0E-1C048770A806}"
EndProject
Project("{FAE04EC0-301F-11D3-BF4B-00C04F79EFBC}") = "NavyBlue.AspNetCore.Configuration", "NavyBlue.AspNetCore.Configuration\NavyBlue.AspNetCore.Configuration.csproj", "{FB4C657C-E108-4DC4-A93A-6247A4CC548C}"
EndProject
Global
	GlobalSection(SolutionConfigurationPlatforms) = preSolution
		Debug|Any CPU = Debug|Any CPU
		Release|Any CPU = Release|Any CPU
	EndGlobalSection
	GlobalSection(ProjectConfigurationPlatforms) = postSolution
		{E0D382B8-DEEB-43C2-839F-323CF1E33B5B}.Debug|Any CPU.ActiveCfg = Debug|Any CPU
		{E0D382B8-DEEB-43C2-839F-323CF1E33B5B}.Debug|Any CPU.Build.0 = Debug|Any CPU
		{E0D382B8-DEEB-43C2-839F-323CF1E33B5B}.Release|Any CPU.ActiveCfg = Release|Any CPU
		{E0D382B8-DEEB-43C2-839F-323CF1E33B5B}.Release|Any CPU.Build.0 = Release|Any CPU
		{1A42A123-BB6E-4DEB-9729-354FAF747590}.Debug|Any CPU.ActiveCfg = Debug|Any CPU
		{1A42A123-BB6E-4DEB-9729-354FAF747590}.Debug|Any CPU.Build.0 = Debug|Any CPU
		{1A42A123-BB6E-4DEB-9729-354FAF747590}.Release|Any CPU.ActiveCfg = Release|Any CPU
		{1A42A123-BB6E-4DEB-9729-354FAF747590}.Release|Any CPU.Build.0 = Release|Any CPU
		{437CFF8B-1106-4A85-92D9-6FB7B41F76E9}.Debug|Any CPU.ActiveCfg = Debug|Any CPU
		{437CFF8B-1106-4A85-92D9-6FB7B41F76E9}.Debug|Any CPU.Build.0 = Debug|Any CPU
		{437CFF8B-1106-4A85-92D9-6FB7B41F76E9}.Release|Any CPU.ActiveCfg = Release|Any CPU
		{437CFF8B-1106-4A85-92D9-6FB7B41F76E9}.Release|Any CPU.Build.0 = Release|Any CPU
		{07A138A7-F73C-47E2-92F9-8D925F97866F}.Debug|Any CPU.ActiveCfg = Debug|Any CPU
		{07A138A7-F73C-47E2-92F9-8D925F97866F}.Debug|Any CPU.Build.0 = Debug|Any CPU
		{07A138A7-F73C-47E2-92F9-8D925F97866F}.Release|Any CPU.ActiveCfg = Release|Any CPU
		{07A138A7-F73C-47E2-92F9-8D925F97866F}.Release|Any CPU.Build.0 = Release|Any CPU
		{4BE170ED-E490-4B0F-825C-68593FC93872}.Debug|Any CPU.ActiveCfg = Debug|Any CPU
		{4BE170ED-E490-4B0F-825C-68593FC93872}.Debug|Any CPU.Build.0 = Debug|Any CPU
		{4BE170ED-E490-4B0F-825C-68593FC93872}.Release|Any CPU.ActiveCfg = Release|Any CPU
		{4BE170ED-E490-4B0F-825C-68593FC93872}.Release|Any CPU.Build.0 = Release|Any CPU
		{DBAFFF67-60F5-4F8B-AA0E-1C048770A806}.Debug|Any CPU.ActiveCfg = Debug|Any CPU
		{DBAFFF67-60F5-4F8B-AA0E-1C048770A806}.Debug|Any CPU.Build.0 = Debug|Any CPU
		{DBAFFF67-60F5-4F8B-AA0E-1C048770A806}.Release|Any CPU.ActiveCfg = Release|Any CPU
		{DBAFFF67-60F5-4F8B-AA0E-1C048770A806}.Release|Any CPU.Build.0 = Release|Any CPU
		{FB4C657C-E108-4DC4-A93A-6247A4CC548C}.Debug|Any CPU.ActiveCfg = Debug|Any CPU
		{FB4C657C-E108-4DC4-A93A-6247A4CC548C}.Debug|Any CPU.Build.0 = Debug|Any CPU
		{FB4C657C-E108-4DC4-A93A-6247A4CC548C}.Release|Any CPU.ActiveCfg = Release|Any CPU
		{FB4C657C-E108-4DC4-A93A-6247A4CC548C}.Release|Any CPU.Build.0 = Release|Any CPU
	EndGlobalSection
	GlobalSection(SolutionProperties) = preSolution
		HideSolutionNode = FALSE
	EndGlobalSection
	GlobalSection(ExtensibilityGlobals) = postSolution
		SolutionGuid = {38B57C5A-73BA-436D-BA59-AFAF5F65160A}
	EndGlobalSection
EndGlobal
